// !$*UTF8*$!
{
	archiveVersion = 1;
	classes = {
	};
	objectVersion = 46;
	objects = {

/* Begin PBXBuildFile section */
		8EC83A0E1B8F805300C2FA9E /* AppDelegate.swift in Sources */ = {isa = PBXBuildFile; fileRef = 8EC83A0D1B8F805300C2FA9E /* AppDelegate.swift */; };
		8EC83A101B8F805300C2FA9E /* ViewController.swift in Sources */ = {isa = PBXBuildFile; fileRef = 8EC83A0F1B8F805300C2FA9E /* ViewController.swift */; };
		8EC83A131B8F805300C2FA9E /* Main.storyboard in Resources */ = {isa = PBXBuildFile; fileRef = 8EC83A111B8F805300C2FA9E /* Main.storyboard */; };
		8EC83A151B8F805300C2FA9E /* Images.xcassets in Resources */ = {isa = PBXBuildFile; fileRef = 8EC83A141B8F805300C2FA9E /* Images.xcassets */; };
		8EC83A181B8F805300C2FA9E /* LaunchScreen.xib in Resources */ = {isa = PBXBuildFile; fileRef = 8EC83A161B8F805300C2FA9E /* LaunchScreen.xib */; };
		8EC83A241B8F805300C2FA9E /* KRHebbianTests.swift in Sources */ = {isa = PBXBuildFile; fileRef = 8EC83A231B8F805300C2FA9E /* KRHebbianTests.swift */; };
		8EC83A321B8F80CF00C2FA9E /* KRHebbian.swift in Sources */ = {isa = PBXBuildFile; fileRef = 8EC83A311B8F80CF00C2FA9E /* KRHebbian.swift */; };
/* End PBXBuildFile section */

/* Begin PBXContainerItemProxy section */
		8EC83A1E1B8F805300C2FA9E /* PBXContainerItemProxy */ = {
			isa = PBXContainerItemProxy;
			containerPortal = 8EC83A001B8F805300C2FA9E /* Project object */;
			proxyType = 1;
			remoteGlobalIDString = 8EC83A071B8F805300C2FA9E;
			remoteInfo = KRHebbian;
		};
/* End PBXContainerItemProxy section */

/* Begin PBXFileReference section */
		8EC83A081B8F805300C2FA9E /* KRHebbian.app */ = {isa = PBXFileReference; explicitFileType = wrapper.application; includeInIndex = 0; path = KRHebbian.app; sourceTree = BUILT_PRODUCTS_DIR; };
		8EC83A0C1B8F805300C2FA9E /* Info.plist */ = {isa = PBXFileReference; lastKnownFileType = text.plist.xml; path = Info.plist; sourceTree = "<group>"; };
		8EC83A0D1B8F805300C2FA9E /* AppDelegate.swift */ = {isa = PBXFileReference; lastKnownFileType = sourcecode.swift; path = AppDelegate.swift; sourceTree = "<group>"; };
		8EC83A0F1B8F805300C2FA9E /* ViewController.swift */ = {isa = PBXFileReference; lastKnownFileType = sourcecode.swift; path = ViewController.swift; sourceTree = "<group>"; };
		8EC83A121B8F805300C2FA9E /* Base */ = {isa = PBXFileReference; lastKnownFileType = file.storyboard; name = Base; path = Base.lproj/Main.storyboard; sourceTree = "<group>"; };
		8EC83A141B8F805300C2FA9E /* Images.xcassets */ = {isa = PBXFileReference; lastKnownFileType = folder.assetcatalog; path = Images.xcassets; sourceTree = "<group>"; };
		8EC83A171B8F805300C2FA9E /* Base */ = {isa = PBXFileReference; lastKnownFileType = file.xib; name = Base; path = Base.lproj/LaunchScreen.xib; sourceTree = "<group>"; };
		8EC83A1D1B8F805300C2FA9E /* KRHebbianTests.xctest */ = {isa = PBXFileReference; explicitFileType = wrapper.cfbundle; includeInIndex = 0; path = KRHebbianTests.xctest; sourceTree = BUILT_PRODUCTS_DIR; };
		8EC83A221B8F805300C2FA9E /* Info.plist */ = {isa = PBXFileReference; lastKnownFileType = text.plist.xml; path = Info.plist; sourceTree = "<group>"; };
		8EC83A231B8F805300C2FA9E /* KRHebbianTests.swift */ = {isa = PBXFileReference; lastKnownFileType = sourcecode.swift; path = KRHebbianTests.swift; sourceTree = "<group>"; };
		8EC83A311B8F80CF00C2FA9E /* KRHebbian.swift */ = {isa = PBXFileReference; fileEncoding = 4; lastKnownFileType = sourcecode.swift; path = KRHebbian.swift; sourceTree = "<group>"; };
/* End PBXFileReference section */

/* Begin PBXFrameworksBuildPhase section */
		8EC83A051B8F805300C2FA9E /* Frameworks */ = {
			isa = PBXFrameworksBuildPhase;
			buildActionMask = 2147483647;
			files = (
			);
			runOnlyForDeploymentPostprocessing = 0;
		};
		8EC83A1A1B8F805300C2FA9E /* Frameworks */ = {
			isa = PBXFrameworksBuildPhase;
			buildActionMask = 2147483647;
			files = (
			);
			runOnlyForDeploymentPostprocessing = 0;
		};
/* End PBXFrameworksBuildPhase section */

/* Begin PBXGroup section */
		8EC839FF1B8F805300C2FA9E = {
			isa = PBXGroup;
			children = (
				8EC83A301B8F80CF00C2FA9E /* ML */,
				8EC83A0A1B8F805300C2FA9E /* KRHebbian */,
				8EC83A201B8F805300C2FA9E /* KRHebbianTests */,
				8EC83A091B8F805300C2FA9E /* Products */,
			);
			sourceTree = "<group>";
		};
		8EC83A091B8F805300C2FA9E /* Products */ = {
			isa = PBXGroup;
			children = (
				8EC83A081B8F805300C2FA9E /* KRHebbian.app */,
				8EC83A1D1B8F805300C2FA9E /* KRHebbianTests.xctest */,
			);
			name = Products;
			sourceTree = "<group>";
		};
		8EC83A0A1B8F805300C2FA9E /* KRHebbian */ = {
			isa = PBXGroup;
			children = (
				8EC83A0D1B8F805300C2FA9E /* AppDelegate.swift */,
				8EC83A0F1B8F805300C2FA9E /* ViewController.swift */,
				8EC83A111B8F805300C2FA9E /* Main.storyboard */,
				8EC83A141B8F805300C2FA9E /* Images.xcassets */,
				8EC83A161B8F805300C2FA9E /* LaunchScreen.xib */,
				8EC83A0B1B8F805300C2FA9E /* Supporting Files */,
			);
			path = KRHebbian;
			sourceTree = "<group>";
		};
		8EC83A0B1B8F805300C2FA9E /* Supporting Files */ = {
			isa = PBXGroup;
			children = (
				8EC83A0C1B8F805300C2FA9E /* Info.plist */,
			);
			name = "Supporting Files";
			sourceTree = "<group>";
		};
		8EC83A201B8F805300C2FA9E /* KRHebbianTests */ = {
			isa = PBXGroup;
			children = (
				8EC83A231B8F805300C2FA9E /* KRHebbianTests.swift */,
				8EC83A211B8F805300C2FA9E /* Supporting Files */,
			);
			path = KRHebbianTests;
			sourceTree = "<group>";
		};
		8EC83A211B8F805300C2FA9E /* Supporting Files */ = {
			isa = PBXGroup;
			children = (
				8EC83A221B8F805300C2FA9E /* Info.plist */,
			);
			name = "Supporting Files";
			sourceTree = "<group>";
		};
		8EC83A301B8F80CF00C2FA9E /* ML */ = {
			isa = PBXGroup;
			children = (
				8EC83A311B8F80CF00C2FA9E /* KRHebbian.swift */,
			);
			path = ML;
			sourceTree = "<group>";
		};
/* End PBXGroup section */

/* Begin PBXNativeTarget section */
		8EC83A071B8F805300C2FA9E /* KRHebbian */ = {
			isa = PBXNativeTarget;
			buildConfigurationList = 8EC83A271B8F805300C2FA9E /* Build configuration list for PBXNativeTarget "KRHebbian" */;
			buildPhases = (
				8EC83A041B8F805300C2FA9E /* Sources */,
				8EC83A051B8F805300C2FA9E /* Frameworks */,
				8EC83A061B8F805300C2FA9E /* Resources */,
			);
			buildRules = (
			);
			dependencies = (
			);
			name = KRHebbian;
			productName = KRHebbian;
			productReference = 8EC83A081B8F805300C2FA9E /* KRHebbian.app */;
			productType = "com.apple.product-type.application";
		};
		8EC83A1C1B8F805300C2FA9E /* KRHebbianTests */ = {
			isa = PBXNativeTarget;
			buildConfigurationList = 8EC83A2A1B8F805300C2FA9E /* Build configuration list for PBXNativeTarget "KRHebbianTests" */;
			buildPhases = (
				8EC83A191B8F805300C2FA9E /* Sources */,
				8EC83A1A1B8F805300C2FA9E /* Frameworks */,
				8EC83A1B1B8F805300C2FA9E /* Resources */,
			);
			buildRules = (
			);
			dependencies = (
				8EC83A1F1B8F805300C2FA9E /* PBXTargetDependency */,
			);
			name = KRHebbianTests;
			productName = KRHebbianTests;
			productReference = 8EC83A1D1B8F805300C2FA9E /* KRHebbianTests.xctest */;
			productType = "com.apple.product-type.bundle.unit-test";
		};
/* End PBXNativeTarget section */

/* Begin PBXProject section */
		8EC83A001B8F805300C2FA9E /* Project object */ = {
			isa = PBXProject;
			attributes = {
				LastUpgradeCheck = 0640;
				ORGANIZATIONNAME = "Kalvar Lin";
				TargetAttributes = {
					8EC83A071B8F805300C2FA9E = {
						CreatedOnToolsVersion = 6.4;
					};
					8EC83A1C1B8F805300C2FA9E = {
						CreatedOnToolsVersion = 6.4;
						TestTargetID = 8EC83A071B8F805300C2FA9E;
					};
				};
			};
			buildConfigurationList = 8EC83A031B8F805300C2FA9E /* Build configuration list for PBXProject "KRHebbian" */;
			compatibilityVersion = "Xcode 3.2";
			developmentRegion = English;
			hasScannedForEncodings = 0;
			knownRegions = (
				en,
				Base,
			);
			mainGroup = 8EC839FF1B8F805300C2FA9E;
			productRefGroup = 8EC83A091B8F805300C2FA9E /* Products */;
			projectDirPath = "";
			projectRoot = "";
			targets = (
				8EC83A071B8F805300C2FA9E /* KRHebbian */,
				8EC83A1C1B8F805300C2FA9E /* KRHebbianTests */,
			);
		};
/* End PBXProject section */

/* Begin PBXResourcesBuildPhase section */
		8EC83A061B8F805300C2FA9E /* Resources */ = {
			isa = PBXResourcesBuildPhase;
			buildActionMask = 2147483647;
			files = (
				8EC83A131B8F805300C2FA9E /* Main.storyboard in Resources */,
				8EC83A181B8F805300C2FA9E /* LaunchScreen.xib in Resources */,
				8EC83A151B8F805300C2FA9E /* Images.xcassets in Resources */,
			);
			runOnlyForDeploymentPostprocessing = 0;
		};
		8EC83A1B1B8F805300C2FA9E /* Resources */ = {
			isa = PBXResourcesBuildPhase;
			buildActionMask = 2147483647;
			files = (
			);
			runOnlyForDeploymentPostprocessing = 0;
		};
/* End PBXResourcesBuildPhase section */

/* Begin PBXSourcesBuildPhase section */
		8EC83A041B8F805300C2FA9E /* Sources */ = {
			isa = PBXSourcesBuildPhase;
			buildActionMask = 2147483647;
			files = (
				8EC83A101B8F805300C2FA9E /* ViewController.swift in Sources */,
				8EC83A321B8F80CF00C2FA9E /* KRHebbian.swift in Sources */,
				8EC83A0E1B8F805300C2FA9E /* AppDelegate.swift in Sources */,
			);
			runOnlyForDeploymentPostprocessing = 0;
		};
		8EC83A191B8F805300C2FA9E /* Sources */ = {
			isa = PBXSourcesBuildPhase;
			buildActionMask = 2147483647;
			files = (
				8EC83A241B8F805300C2FA9E /* KRHebbianTests.swift in Sources */,
			);
			runOnlyForDeploymentPostprocessing = 0;
		};
/* End PBXSourcesBuildPhase section */

/* Begin PBXTargetDependency section */
		8EC83A1F1B8F805300C2FA9E /* PBXTargetDependency */ = {
			isa = PBXTargetDependency;
			target = 8EC83A071B8F805300C2FA9E /* KRHebbian */;
			targetProxy = 8EC83A1E1B8F805300C2FA9E /* PBXContainerItemProxy */;
		};
/* End PBXTargetDependency section */

/* Begin PBXVariantGroup section */
		8EC83A111B8F805300C2FA9E /* Main.storyboard */ = {
			isa = PBXVariantGroup;
			children = (
				8EC83A121B8F805300C2FA9E /* Base */,
			);
			name = Main.storyboard;
			sourceTree = "<group>";
		};
		8EC83A161B8F805300C2FA9E /* LaunchScreen.xib */ = {
			isa = PBXVariantGroup;
			children = (
				8EC83A171B8F805300C2FA9E /* Base */,
			);
			name = LaunchScreen.xib;
			sourceTree = "<group>";
		};
/* End PBXVariantGroup section */

/* Begin XCBuildConfiguration section */
		8EC83A251B8F805300C2FA9E /* Debug */ = {
			isa = XCBuildConfiguration;
			buildSettings = {
				ALWAYS_SEARCH_USER_PATHS = NO;
				CLANG_CXX_LANGUAGE_STANDARD = "gnu++0x";
				CLANG_CXX_LIBRARY = "libc++";
				CLANG_ENABLE_MODULES = YES;
				CLANG_ENABLE_OBJC_ARC = YES;
				CLANG_WARN_BOOL_CONVERSION = YES;
				CLANG_WARN_CONSTANT_CONVERSION = YES;
				CLANG_WARN_DIRECT_OBJC_ISA_USAGE = YES_ERROR;
				CLANG_WARN_EMPTY_BODY = YES;
				CLANG_WARN_ENUM_CONVERSION = YES;
				CLANG_WARN_INT_CONVERSION = YES;
				CLANG_WARN_OBJC_ROOT_CLASS = YES_ERROR;
				CLANG_WARN_UNREACHABLE_CODE = YES;
				CLANG_WARN__DUPLICATE_METHOD_MATCH = YES;
				"CODE_SIGN_IDENTITY[sdk=iphoneos*]" = "iPhone Developer";
				COPY_PHASE_STRIP = NO;
				DEBUG_INFORMATION_FORMAT = "dwarf-with-dsym";
				ENABLE_STRICT_OBJC_MSGSEND = YES;
				GCC_C_LANGUAGE_STANDARD = gnu99;
				GCC_DYNAMIC_NO_PIC = NO;
				GCC_NO_COMMON_BLOCKS = YES;
				GCC_OPTIMIZATION_LEVEL = 0;
				GCC_PREPROCESSOR_DEFINITIONS = (
					"DEBUG=1",
					"$(inherited)",
				);
				GCC_SYMBOLS_PRIVATE_EXTERN = NO;
				GCC_WARN_64_TO_32_BIT_CONVERSION = YES;
				GCC_WARN_ABOUT_RETURN_TYPE = YES_ERROR;
				GCC_WARN_UNDECLARED_SELECTOR = YES;
				GCC_WARN_UNINITIALIZED_AUTOS = YES_AGGRESSIVE;
				GCC_WARN_UNUSED_FUNCTION = YES;
				GCC_WARN_UNUSED_VARIABLE = YES;
				IPHONEOS_DEPLOYMENT_TARGET = 8.4;
				MTL_ENABLE_DEBUG_INFO = YES;
				ONLY_ACTIVE_ARCH = YES;
				SDKROOT = iphoneos;
				SWIFT_OPTIMIZATION_LEVEL = "-Onone";
			};
			name = Debug;
		};
		8EC83A261B8F805300C2FA9E /* Release */ = {
			isa = XCBuildConfiguration;
			buildSettings = {
				ALWAYS_SEARCH_USER_PATHS = NO;
				CLANG_CXX_LANGUAGE_STANDARD = "gnu++0x";
				CLANG_CXX_LIBRARY = "libc++";
				CLANG_ENABLE_MODULES = YES;
				CLANG_ENABLE_OBJC_ARC = YES;
				CLANG_WARN_BOOL_CONVERSION = YES;
				CLANG_WARN_CONSTANT_CONVERSION = YES;
				CLANG_WARN_DIRECT_OBJC_ISA_USAGE = YES_ERROR;
				CLANG_WARN_EMPTY_BODY = YES;
				CLANG_WARN_ENUM_CONVERSION = YES;
				CLANG_WARN_INT_CONVERSION = YES;
				CLANG_WARN_OBJC_ROOT_CLASS = YES_ERROR;
				CLANG_WARN_UNREACHABLE_CODE = YES;
				CLANG_WARN__DUPLICATE_METHOD_MATCH = YES;
				"CODE_SIGN_IDENTITY[sdk=iphoneos*]" = "iPhone Developer";
				COPY_PHASE_STRIP = NO;
				DEBUG_INFORMATION_FORMAT = "dwarf-with-dsym";
				ENABLE_NS_ASSERTIONS = NO;
				ENABLE_STRICT_OBJC_MSGSEND = YES;
				GCC_C_LANGUAGE_STANDARD = gnu99;
				GCC_NO_COMMON_BLOCKS = YES;
				GCC_WARN_64_TO_32_BIT_CONVERSION = YES;
				GCC_WARN_ABOUT_RETURN_TYPE = YES_ERROR;
				GCC_WARN_UNDECLARED_SELECTOR = YES;
				GCC_WARN_UNINITIALIZED_AUTOS = YES_AGGRESSIVE;
				GCC_WARN_UNUSED_FUNCTION = YES;
				GCC_WARN_UNUSED_VARIABLE = YES;
				IPHONEOS_DEPLOYMENT_TARGET = 8.4;
				MTL_ENABLE_DEBUG_INFO = NO;
				SDKROOT = iphoneos;
				VALIDATE_PRODUCT = YES;
			};
			name = Release;
		};
		8EC83A281B8F805300C2FA9E /* Debug */ = {
			isa = XCBuildConfiguration;
			buildSettings = {
				ASSETCATALOG_COMPILER_APPICON_NAME = AppIcon;
				INFOPLIST_FILE = KRHebbian/Info.plist;
				LD_RUNPATH_SEARCH_PATHS = "$(inherited) @executable_path/Frameworks";
				PRODUCT_NAME = "$(TARGET_NAME)";
			};
			name = Debug;
		};
		8EC83A291B8F805300C2FA9E /* Release */ = {
			isa = XCBuildConfiguration;
			buildSettings = {
				ASSETCATALOG_COMPILER_APPICON_NAME = AppIcon;
				INFOPLIST_FILE = KRHebbian/Info.plist;
				LD_RUNPATH_SEARCH_PATHS = "$(inherited) @executable_path/Frameworks";
				PRODUCT_NAME = "$(TARGET_NAME)";
			};
			name = Release;
		};
		8EC83A2B1B8F805300C2FA9E /* Debug */ = {
			isa = XCBuildConfiguration;
			buildSettings = {
				BUNDLE_LOADER = "$(TEST_HOST)";
				FRAMEWORK_SEARCH_PATHS = (
					"$(SDKROOT)/Developer/Library/Frameworks",
					"$(inherited)",
				);
				GCC_PREPROCESSOR_DEFINITIONS = (
					"DEBUG=1",
					"$(inherited)",
				);
				INFOPLIST_FILE = KRHebbianTests/Info.plist;
				LD_RUNPATH_SEARCH_PATHS = "$(inherited) @executable_path/Frameworks @loader_path/Frameworks";
				PRODUCT_NAME = "$(TARGET_NAME)";
				TEST_HOST = "$(BUILT_PRODUCTS_DIR)/KRHebbian.app/KRHebbian";
			};
			name = Debug;
		};
		8EC83A2C1B8F805300C2FA9E /* Release */ = {
			isa = XCBuildConfiguration;
			buildSettings = {
				BUNDLE_LOADER = "$(TEST_HOST)";
				FRAMEWORK_SEARCH_PATHS = (
					"$(SDKROOT)/Developer/Library/Frameworks",
					"$(inherited)",
				);
				INFOPLIST_FILE = KRHebbianTests/Info.plist;
				LD_RUNPATH_SEARCH_PATHS = "$(inherited) @executable_path/Frameworks @loader_path/Frameworks";
				PRODUCT_NAME = "$(TARGET_NAME)";
				TEST_HOST = "$(BUILT_PRODUCTS_DIR)/KRHebbian.app/KRHebbian";
			};
			name = Release;
		};
/* End XCBuildConfiguration section */

/* Begin XCConfigurationList section */
		8EC83A031B8F805300C2FA9E /* Build configuration list for PBXProject "KRHebbian" */ = {
			isa = XCConfigurationList;
			buildConfigurations = (
				8EC83A251B8F805300C2FA9E /* Debug */,
				8EC83A261B8F805300C2FA9E /* Release */,
			);
			defaultConfigurationIsVisible = 0;
			defaultConfigurationName = Release;
		};
		8EC83A271B8F805300C2FA9E /* Build configuration list for PBXNativeTarget "KRHebbian" */ = {
			isa = XCConfigurationList;
			buildConfigurations = (
				8EC83A281B8F805300C2FA9E /* Debug */,
				8EC83A291B8F805300C2FA9E /* Release */,
			);
			defaultConfigurationIsVisible = 0;
			defaultConfigurationName = Release;
		};
		8EC83A2A1B8F805300C2FA9E /* Build configuration list for PBXNativeTarget "KRHebbianTests" */ = {
			isa = XCConfigurationList;
			buildConfigurations = (
				8EC83A2B1B8F805300C2FA9E /* Debug */,
				8EC83A2C1B8F805300C2FA9E /* Release */,
			);
			defaultConfigurationIsVisible = 0;
			defaultConfigurationName = Release;
		};
/* End XCConfigurationList section */
	};
	rootObject = 8EC83A001B8F805300C2FA9E /* Project object */;
}
