// !$*UTF8*$!
{
	archiveVersion = 1;
	classes = {
	};
	objectVersion = 46;
	objects = {

/* Begin PBXBuildFile section */
		8EBC550A1953516100FAA1DA /* AppDelegate.swift in Sources */ = {isa = PBXBuildFile; fileRef = 8EBC55091953516100FAA1DA /* AppDelegate.swift */; };
		8EBC550D1953516100FAA1DA /* KRHebbianAlgorithm.xcdatamodeld in Sources */ = {isa = PBXBuildFile; fileRef = 8EBC550B1953516100FAA1DA /* KRHebbianAlgorithm.xcdatamodeld */; };
		8EBC550F1953516100FAA1DA /* ViewController.swift in Sources */ = {isa = PBXBuildFile; fileRef = 8EBC550E1953516100FAA1DA /* ViewController.swift */; };
		8EBC55121953516100FAA1DA /* Main.storyboard in Resources */ = {isa = PBXBuildFile; fileRef = 8EBC55101953516100FAA1DA /* Main.storyboard */; };
		8EBC55141953516100FAA1DA /* Images.xcassets in Resources */ = {isa = PBXBuildFile; fileRef = 8EBC55131953516100FAA1DA /* Images.xcassets */; };
		8EBC55201953516100FAA1DA /* KRHebbianAlgorithmTests.swift in Sources */ = {isa = PBXBuildFile; fileRef = 8EBC551F1953516100FAA1DA /* KRHebbianAlgorithmTests.swift */; };
		8EBC552C1953FBA800FAA1DA /* KRHebbianAlgorithm.swift in Sources */ = {isa = PBXBuildFile; fileRef = 8EBC552B1953FBA800FAA1DA /* KRHebbianAlgorithm.swift */; };
/* End PBXBuildFile section */

/* Begin PBXContainerItemProxy section */
		8EBC551A1953516100FAA1DA /* PBXContainerItemProxy */ = {
			isa = PBXContainerItemProxy;
			containerPortal = 8EBC54FC1953516100FAA1DA /* Project object */;
			proxyType = 1;
			remoteGlobalIDString = 8EBC55031953516100FAA1DA;
			remoteInfo = KRHebbianAlgorithm;
		};
/* End PBXContainerItemProxy section */

/* Begin PBXFileReference section */
		8EBC55041953516100FAA1DA /* KRHebbianAlgorithm.app */ = {isa = PBXFileReference; explicitFileType = wrapper.application; includeInIndex = 0; path = KRHebbianAlgorithm.app; sourceTree = BUILT_PRODUCTS_DIR; };
		8EBC55081953516100FAA1DA /* Info.plist */ = {isa = PBXFileReference; lastKnownFileType = text.plist.xml; path = Info.plist; sourceTree = "<group>"; };
		8EBC55091953516100FAA1DA /* AppDelegate.swift */ = {isa = PBXFileReference; lastKnownFileType = sourcecode.swift; path = AppDelegate.swift; sourceTree = "<group>"; };
		8EBC550C1953516100FAA1DA /* KRHebbianAlgorithm.xcdatamodel */ = {isa = PBXFileReference; lastKnownFileType = wrapper.xcdatamodel; path = KRHebbianAlgorithm.xcdatamodel; sourceTree = "<group>"; };
		8EBC550E1953516100FAA1DA /* ViewController.swift */ = {isa = PBXFileReference; lastKnownFileType = sourcecode.swift; path = ViewController.swift; sourceTree = "<group>"; };
		8EBC55111953516100FAA1DA /* Base */ = {isa = PBXFileReference; lastKnownFileType = file.storyboard; name = Base; path = Base.lproj/Main.storyboard; sourceTree = "<group>"; };
		8EBC55131953516100FAA1DA /* Images.xcassets */ = {isa = PBXFileReference; lastKnownFileType = folder.assetcatalog; path = Images.xcassets; sourceTree = "<group>"; };
		8EBC55191953516100FAA1DA /* KRHebbianAlgorithmTests.xctest */ = {isa = PBXFileReference; explicitFileType = wrapper.cfbundle; includeInIndex = 0; path = KRHebbianAlgorithmTests.xctest; sourceTree = BUILT_PRODUCTS_DIR; };
		8EBC551E1953516100FAA1DA /* Info.plist */ = {isa = PBXFileReference; lastKnownFileType = text.plist.xml; path = Info.plist; sourceTree = "<group>"; };
		8EBC551F1953516100FAA1DA /* KRHebbianAlgorithmTests.swift */ = {isa = PBXFileReference; lastKnownFileType = sourcecode.swift; path = KRHebbianAlgorithmTests.swift; sourceTree = "<group>"; };
		8EBC552B1953FBA800FAA1DA /* KRHebbianAlgorithm.swift */ = {isa = PBXFileReference; fileEncoding = 4; lastKnownFileType = sourcecode.swift; path = KRHebbianAlgorithm.swift; sourceTree = "<group>"; };
/* End PBXFileReference section */

/* Begin PBXFrameworksBuildPhase section */
		8EBC55011953516100FAA1DA /* Frameworks */ = {
			isa = PBXFrameworksBuildPhase;
			buildActionMask = 2147483647;
			files = (
			);
			runOnlyForDeploymentPostprocessing = 0;
		};
		8EBC55161953516100FAA1DA /* Frameworks */ = {
			isa = PBXFrameworksBuildPhase;
			buildActionMask = 2147483647;
			files = (
			);
			runOnlyForDeploymentPostprocessing = 0;
		};
/* End PBXFrameworksBuildPhase section */

/* Begin PBXGroup section */
		8EBC54FB1953516100FAA1DA = {
			isa = PBXGroup;
			children = (
				8EBC55291953FB9B00FAA1DA /* Classes */,
				8EBC55061953516100FAA1DA /* KRHebbianAlgorithm */,
				8EBC551C1953516100FAA1DA /* KRHebbianAlgorithmTests */,
				8EBC55051953516100FAA1DA /* Products */,
			);
			sourceTree = "<group>";
		};
		8EBC55051953516100FAA1DA /* Products */ = {
			isa = PBXGroup;
			children = (
				8EBC55041953516100FAA1DA /* KRHebbianAlgorithm.app */,
				8EBC55191953516100FAA1DA /* KRHebbianAlgorithmTests.xctest */,
			);
			name = Products;
			sourceTree = "<group>";
		};
		8EBC55061953516100FAA1DA /* KRHebbianAlgorithm */ = {
			isa = PBXGroup;
			children = (
				8EBC55091953516100FAA1DA /* AppDelegate.swift */,
				8EBC550E1953516100FAA1DA /* ViewController.swift */,
				8EBC55101953516100FAA1DA /* Main.storyboard */,
				8EBC55131953516100FAA1DA /* Images.xcassets */,
				8EBC550B1953516100FAA1DA /* KRHebbianAlgorithm.xcdatamodeld */,
				8EBC55071953516100FAA1DA /* Supporting Files */,
			);
			path = KRHebbianAlgorithm;
			sourceTree = "<group>";
		};
		8EBC55071953516100FAA1DA /* Supporting Files */ = {
			isa = PBXGroup;
			children = (
				8EBC55081953516100FAA1DA /* Info.plist */,
			);
			name = "Supporting Files";
			sourceTree = "<group>";
		};
		8EBC551C1953516100FAA1DA /* KRHebbianAlgorithmTests */ = {
			isa = PBXGroup;
			children = (
				8EBC551F1953516100FAA1DA /* KRHebbianAlgorithmTests.swift */,
				8EBC551D1953516100FAA1DA /* Supporting Files */,
			);
			path = KRHebbianAlgorithmTests;
			sourceTree = "<group>";
		};
		8EBC551D1953516100FAA1DA /* Supporting Files */ = {
			isa = PBXGroup;
			children = (
				8EBC551E1953516100FAA1DA /* Info.plist */,
			);
			name = "Supporting Files";
			sourceTree = "<group>";
		};
		8EBC55291953FB9B00FAA1DA /* Classes */ = {
			isa = PBXGroup;
			children = (
				8EBC552A1953FB9B00FAA1DA /* KRHebbianAlgorithm */,
			);
			name = Classes;
			path = KRHebbianAlgorithm/Classes;
			sourceTree = "<group>";
		};
		8EBC552A1953FB9B00FAA1DA /* KRHebbianAlgorithm */ = {
			isa = PBXGroup;
			children = (
				8EBC552B1953FBA800FAA1DA /* KRHebbianAlgorithm.swift */,
			);
			path = KRHebbianAlgorithm;
			sourceTree = "<group>";
		};
/* End PBXGroup section */

/* Begin PBXNativeTarget section */
		8EBC55031953516100FAA1DA /* KRHebbianAlgorithm */ = {
			isa = PBXNativeTarget;
			buildConfigurationList = 8EBC55231953516100FAA1DA /* Build configuration list for PBXNativeTarget "KRHebbianAlgorithm" */;
			buildPhases = (
				8EBC55001953516100FAA1DA /* Sources */,
				8EBC55011953516100FAA1DA /* Frameworks */,
				8EBC55021953516100FAA1DA /* Resources */,
			);
			buildRules = (
			);
			dependencies = (
			);
			name = KRHebbianAlgorithm;
			productName = KRHebbianAlgorithm;
			productReference = 8EBC55041953516100FAA1DA /* KRHebbianAlgorithm.app */;
			productType = "com.apple.product-type.application";
		};
		8EBC55181953516100FAA1DA /* KRHebbianAlgorithmTests */ = {
			isa = PBXNativeTarget;
			buildConfigurationList = 8EBC55261953516100FAA1DA /* Build configuration list for PBXNativeTarget "KRHebbianAlgorithmTests" */;
			buildPhases = (
				8EBC55151953516100FAA1DA /* Sources */,
				8EBC55161953516100FAA1DA /* Frameworks */,
				8EBC55171953516100FAA1DA /* Resources */,
			);
			buildRules = (
			);
			dependencies = (
				8EBC551B1953516100FAA1DA /* PBXTargetDependency */,
			);
			name = KRHebbianAlgorithmTests;
			productName = KRHebbianAlgorithmTests;
			productReference = 8EBC55191953516100FAA1DA /* KRHebbianAlgorithmTests.xctest */;
			productType = "com.apple.product-type.bundle.unit-test";
		};
/* End PBXNativeTarget section */

/* Begin PBXProject section */
		8EBC54FC1953516100FAA1DA /* Project object */ = {
			isa = PBXProject;
			attributes = {
				LastUpgradeCheck = 0600;
				ORGANIZATIONNAME = Kalvar;
				TargetAttributes = {
					8EBC55031953516100FAA1DA = {
						CreatedOnToolsVersion = 6.0;
					};
					8EBC55181953516100FAA1DA = {
						CreatedOnToolsVersion = 6.0;
						TestTargetID = 8EBC55031953516100FAA1DA;
					};
				};
			};
			buildConfigurationList = 8EBC54FF1953516100FAA1DA /* Build configuration list for PBXProject "KRHebbianAlgorithm" */;
			compatibilityVersion = "Xcode 3.2";
			developmentRegion = English;
			hasScannedForEncodings = 0;
			knownRegions = (
				en,
				Base,
			);
			mainGroup = 8EBC54FB1953516100FAA1DA;
			productRefGroup = 8EBC55051953516100FAA1DA /* Products */;
			projectDirPath = "";
			projectRoot = "";
			targets = (
				8EBC55031953516100FAA1DA /* KRHebbianAlgorithm */,
				8EBC55181953516100FAA1DA /* KRHebbianAlgorithmTests */,
			);
		};
/* End PBXProject section */

/* Begin PBXResourcesBuildPhase section */
		8EBC55021953516100FAA1DA /* Resources */ = {
			isa = PBXResourcesBuildPhase;
			buildActionMask = 2147483647;
			files = (
				8EBC55121953516100FAA1DA /* Main.storyboard in Resources */,
				8EBC55141953516100FAA1DA /* Images.xcassets in Resources */,
			);
			runOnlyForDeploymentPostprocessing = 0;
		};
		8EBC55171953516100FAA1DA /* Resources */ = {
			isa = PBXResourcesBuildPhase;
			buildActionMask = 2147483647;
			files = (
			);
			runOnlyForDeploymentPostprocessing = 0;
		};
/* End PBXResourcesBuildPhase section */

/* Begin PBXSourcesBuildPhase section */
		8EBC55001953516100FAA1DA /* Sources */ = {
			isa = PBXSourcesBuildPhase;
			buildActionMask = 2147483647;
			files = (
				8EBC552C1953FBA800FAA1DA /* KRHebbianAlgorithm.swift in Sources */,
				8EBC550F1953516100FAA1DA /* ViewController.swift in Sources */,
				8EBC550D1953516100FAA1DA /* KRHebbianAlgorithm.xcdatamodeld in Sources */,
				8EBC550A1953516100FAA1DA /* AppDelegate.swift in Sources */,
			);
			runOnlyForDeploymentPostprocessing = 0;
		};
		8EBC55151953516100FAA1DA /* Sources */ = {
			isa = PBXSourcesBuildPhase;
			buildActionMask = 2147483647;
			files = (
				8EBC55201953516100FAA1DA /* KRHebbianAlgorithmTests.swift in Sources */,
			);
			runOnlyForDeploymentPostprocessing = 0;
		};
/* End PBXSourcesBuildPhase section */

/* Begin PBXTargetDependency section */
		8EBC551B1953516100FAA1DA /* PBXTargetDependency */ = {
			isa = PBXTargetDependency;
			target = 8EBC55031953516100FAA1DA /* KRHebbianAlgorithm */;
			targetProxy = 8EBC551A1953516100FAA1DA /* PBXContainerItemProxy */;
		};
/* End PBXTargetDependency section */

/* Begin PBXVariantGroup section */
		8EBC55101953516100FAA1DA /* Main.storyboard */ = {
			isa = PBXVariantGroup;
			children = (
				8EBC55111953516100FAA1DA /* Base */,
			);
			name = Main.storyboard;
			sourceTree = "<group>";
		};
/* End PBXVariantGroup section */

/* Begin XCBuildConfiguration section */
		8EBC55211953516100FAA1DA /* Debug */ = {
			isa = XCBuildConfiguration;
			buildSettings = {
				ALWAYS_SEARCH_USER_PATHS = NO;
				CLANG_CXX_LANGUAGE_STANDARD = "gnu++0x";
				CLANG_CXX_LIBRARY = "libc++";
				CLANG_ENABLE_MODULES = YES;
				CLANG_ENABLE_OBJC_ARC = YES;
				CLANG_WARN_BOOL_CONVERSION = YES;
				CLANG_WARN_CONSTANT_CONVERSION = YES;
				CLANG_WARN_DIRECT_OBJC_ISA_USAGE = YES_ERROR;
				CLANG_WARN_EMPTY_BODY = YES;
				CLANG_WARN_ENUM_CONVERSION = YES;
				CLANG_WARN_INT_CONVERSION = YES;
				CLANG_WARN_OBJC_ROOT_CLASS = YES_ERROR;
				CLANG_WARN_UNREACHABLE_CODE = YES;
				CLANG_WARN__DUPLICATE_METHOD_MATCH = YES;
				"CODE_SIGN_IDENTITY[sdk=iphoneos*]" = "iPhone Developer";
				COPY_PHASE_STRIP = NO;
				ENABLE_STRICT_OBJC_MSGSEND = YES;
				GCC_C_LANGUAGE_STANDARD = gnu99;
				GCC_DYNAMIC_NO_PIC = NO;
				GCC_OPTIMIZATION_LEVEL = 0;
				GCC_PREPROCESSOR_DEFINITIONS = (
					"DEBUG=1",
					"$(inherited)",
				);
				GCC_SYMBOLS_PRIVATE_EXTERN = NO;
				GCC_WARN_64_TO_32_BIT_CONVERSION = YES;
				GCC_WARN_ABOUT_RETURN_TYPE = YES_ERROR;
				GCC_WARN_UNDECLARED_SELECTOR = YES;
				GCC_WARN_UNINITIALIZED_AUTOS = YES_AGGRESSIVE;
				GCC_WARN_UNUSED_FUNCTION = YES;
				GCC_WARN_UNUSED_VARIABLE = YES;
				IPHONEOS_DEPLOYMENT_TARGET = 8.0;
				METAL_ENABLE_DEBUG_INFO = YES;
				ONLY_ACTIVE_ARCH = YES;
				SDKROOT = iphoneos;
				SWIFT_OPTIMIZATION_LEVEL = "-Onone";
			};
			name = Debug;
		};
		8EBC55221953516100FAA1DA /* Release */ = {
			isa = XCBuildConfiguration;
			buildSettings = {
				ALWAYS_SEARCH_USER_PATHS = NO;
				CLANG_CXX_LANGUAGE_STANDARD = "gnu++0x";
				CLANG_CXX_LIBRARY = "libc++";
				CLANG_ENABLE_MODULES = YES;
				CLANG_ENABLE_OBJC_ARC = YES;
				CLANG_WARN_BOOL_CONVERSION = YES;
				CLANG_WARN_CONSTANT_CONVERSION = YES;
				CLANG_WARN_DIRECT_OBJC_ISA_USAGE = YES_ERROR;
				CLANG_WARN_EMPTY_BODY = YES;
				CLANG_WARN_ENUM_CONVERSION = YES;
				CLANG_WARN_INT_CONVERSION = YES;
				CLANG_WARN_OBJC_ROOT_CLASS = YES_ERROR;
				CLANG_WARN_UNREACHABLE_CODE = YES;
				CLANG_WARN__DUPLICATE_METHOD_MATCH = YES;
				"CODE_SIGN_IDENTITY[sdk=iphoneos*]" = "iPhone Developer";
				COPY_PHASE_STRIP = YES;
				ENABLE_NS_ASSERTIONS = NO;
				ENABLE_STRICT_OBJC_MSGSEND = YES;
				GCC_C_LANGUAGE_STANDARD = gnu99;
				GCC_WARN_64_TO_32_BIT_CONVERSION = YES;
				GCC_WARN_ABOUT_RETURN_TYPE = YES_ERROR;
				GCC_WARN_UNDECLARED_SELECTOR = YES;
				GCC_WARN_UNINITIALIZED_AUTOS = YES_AGGRESSIVE;
				GCC_WARN_UNUSED_FUNCTION = YES;
				GCC_WARN_UNUSED_VARIABLE = YES;
				IPHONEOS_DEPLOYMENT_TARGET = 8.0;
				METAL_ENABLE_DEBUG_INFO = NO;
				SDKROOT = iphoneos;
				VALIDATE_PRODUCT = YES;
			};
			name = Release;
		};
		8EBC55241953516100FAA1DA /* Debug */ = {
			isa = XCBuildConfiguration;
			buildSettings = {
				ASSETCATALOG_COMPILER_APPICON_NAME = AppIcon;
				ASSETCATALOG_COMPILER_LAUNCHIMAGE_NAME = LaunchImage;
				INFOPLIST_FILE = KRHebbianAlgorithm/Info.plist;
				LD_RUNPATH_SEARCH_PATHS = "$(inherited) @executable_path/Frameworks";
				PRODUCT_NAME = "$(TARGET_NAME)";
			};
			name = Debug;
		};
		8EBC55251953516100FAA1DA /* Release */ = {
			isa = XCBuildConfiguration;
			buildSettings = {
				ASSETCATALOG_COMPILER_APPICON_NAME = AppIcon;
				ASSETCATALOG_COMPILER_LAUNCHIMAGE_NAME = LaunchImage;
				INFOPLIST_FILE = KRHebbianAlgorithm/Info.plist;
				LD_RUNPATH_SEARCH_PATHS = "$(inherited) @executable_path/Frameworks";
				PRODUCT_NAME = "$(TARGET_NAME)";
			};
			name = Release;
		};
		8EBC55271953516100FAA1DA /* Debug */ = {
			isa = XCBuildConfiguration;
			buildSettings = {
				BUNDLE_LOADER = "$(BUILT_PRODUCTS_DIR)/KRHebbianAlgorithm.app/KRHebbianAlgorithm";
				FRAMEWORK_SEARCH_PATHS = (
					"$(SDKROOT)/Developer/Library/Frameworks",
					"$(inherited)",
				);
				GCC_PREPROCESSOR_DEFINITIONS = (
					"DEBUG=1",
					"$(inherited)",
				);
				INFOPLIST_FILE = KRHebbianAlgorithmTests/Info.plist;
				LD_RUNPATH_SEARCH_PATHS = "$(inherited) @executable_path/Frameworks @loader_path/Frameworks";
				METAL_ENABLE_DEBUG_INFO = YES;
				PRODUCT_NAME = "$(TARGET_NAME)";
				TEST_HOST = "$(BUNDLE_LOADER)";
			};
			name = Debug;
		};
		8EBC55281953516100FAA1DA /* Release */ = {
			isa = XCBuildConfiguration;
			buildSettings = {
				BUNDLE_LOADER = "$(BUILT_PRODUCTS_DIR)/KRHebbianAlgorithm.app/KRHebbianAlgorithm";
				FRAMEWORK_SEARCH_PATHS = (
					"$(SDKROOT)/Developer/Library/Frameworks",
					"$(inherited)",
				);
				INFOPLIST_FILE = KRHebbianAlgorithmTests/Info.plist;
				LD_RUNPATH_SEARCH_PATHS = "$(inherited) @executable_path/Frameworks @loader_path/Frameworks";
				METAL_ENABLE_DEBUG_INFO = NO;
				PRODUCT_NAME = "$(TARGET_NAME)";
				TEST_HOST = "$(BUNDLE_LOADER)";
			};
			name = Release;
		};
/* End XCBuildConfiguration section */

/* Begin XCConfigurationList section */
		8EBC54FF1953516100FAA1DA /* Build configuration list for PBXProject "KRHebbianAlgorithm" */ = {
			isa = XCConfigurationList;
			buildConfigurations = (
				8EBC55211953516100FAA1DA /* Debug */,
				8EBC55221953516100FAA1DA /* Release */,
			);
			defaultConfigurationIsVisible = 0;
			defaultConfigurationName = Release;
		};
		8EBC55231953516100FAA1DA /* Build configuration list for PBXNativeTarget "KRHebbianAlgorithm" */ = {
			isa = XCConfigurationList;
			buildConfigurations = (
				8EBC55241953516100FAA1DA /* Debug */,
				8EBC55251953516100FAA1DA /* Release */,
			);
			defaultConfigurationIsVisible = 0;
		};
		8EBC55261953516100FAA1DA /* Build configuration list for PBXNativeTarget "KRHebbianAlgorithmTests" */ = {
			isa = XCConfigurationList;
			buildConfigurations = (
				8EBC55271953516100FAA1DA /* Debug */,
				8EBC55281953516100FAA1DA /* Release */,
			);
			defaultConfigurationIsVisible = 0;
		};
/* End XCConfigurationList section */

/* Begin XCVersionGroup section */
		8EBC550B1953516100FAA1DA /* KRHebbianAlgorithm.xcdatamodeld */ = {
			isa = XCVersionGroup;
			children = (
				8EBC550C1953516100FAA1DA /* KRHebbianAlgorithm.xcdatamodel */,
			);
			currentVersion = 8EBC550C1953516100FAA1DA /* KRHebbianAlgorithm.xcdatamodel */;
			path = KRHebbianAlgorithm.xcdatamodeld;
			sourceTree = "<group>";
			versionGroupType = wrapper.xcdatamodel;
		};
/* End XCVersionGroup section */
	};
	rootObject = 8EBC54FC1953516100FAA1DA /* Project object */;
}
